
Microsoft Visual Studio Solution File, Format Version 12.00
# Visual Studio Version 17
VisualStudioVersion = 17.14.36603.0 d17.14
MinimumVisualStudioVersion = 10.0.40219.1
Project("{FAE04EC0-301F-11D3-BF4B-00C04F79EFBC}") = "PersonelKayit", "PersonelKayit\PersonelKayit.csproj", "{06734D1C-DD84-4550-9B98-54291213AE37}"
EndProject
Global
	GlobalSection(SolutionConfigurationPlatforms) = preSolution
		Debug|Any CPU = Debug|Any CPU
		Release|Any CPU = Release|Any CPU
	EndGlobalSection
	GlobalSection(ProjectConfigurationPlatforms) = postSolution
		{06734D1C-DD84-4550-9B98-54291213AE37}.Debug|Any CPU.ActiveCfg = Debug|Any CPU
		{06734D1C-DD84-4550-9B98-54291213AE37}.Debug|Any CPU.Build.0 = Debug|Any CPU
		{06734D1C-DD84-4550-9B98-54291213AE37}.Release|Any CPU.ActiveCfg = Release|Any CPU
		{06734D1C-DD84-4550-9B98-54291213AE37}.Release|Any CPU.Build.0 = Release|Any CPU
	EndGlobalSection
	GlobalSection(SolutionProperties) = preSolution
		HideSolutionNode = FALSE
	EndGlobalSection
	GlobalSection(ExtensibilityGlobals) = postSolution
		SolutionGuid = {B92364AF-448C-45F0-89BB-24C00026C4E8}
	EndGlobalSection
EndGlobal
